
Microsoft Visual Studio Solution File, Format Version 12.00
# Visual Studio Version 16
VisualStudioVersion = 16.0.29509.3
MinimumVisualStudioVersion = 10.0.40219.1
Project("{9A19103F-16F7-4668-BE54-9A1E7A4F7556}") = "CPC", "CPC\CPC.csproj", "{2F66C626-4680-4747-9042-07133FA809D4}"
EndProject
Project("{9A19103F-16F7-4668-BE54-9A1E7A4F7556}") = "CPC.DBCore", "CPC.DBCore\CPC.DBCore.csproj", "{85849415-C2EA-4226-AAE4-715BF0236AC2}"
EndProject
Project("{9A19103F-16F7-4668-BE54-9A1E7A4F7556}") = "CPC.Redis", "CPC.Redis\CPC.Redis.csproj", "{C0F42408-01D4-41DD-8427-779AE36BD58C}"
EndProject
Project("{9A19103F-16F7-4668-BE54-9A1E7A4F7556}") = "CPC.TaskManager", "CPC.TaskManager\CPC.TaskManager.csproj", "{07D5E495-FDD5-486A-93A5-3776CD15D988}"
EndProject
Project("{2150E333-8FDC-42A3-9474-1A3956D46DE8}") = "NugetServer", "NugetServer", "{0283C659-5A19-4CF9-A2DB-AE448005916A}"
EndProject
Project("{FAE04EC0-301F-11D3-BF4B-00C04F79EFBC}") = "CPC.NugetServer", "CPC.NugetServer\CPC.NugetServer.csproj", "{B84AD15C-773B-4EE7-BD84-7F850432414C}"
EndProject
Project("{9A19103F-16F7-4668-BE54-9A1E7A4F7556}") = "CPC.EsLogger", "CPC.EsLogger\CPC.EsLogger.csproj", "{733361B9-7283-4543-B8C4-7F65A9511BFE}"
EndProject
Project("{9A19103F-16F7-4668-BE54-9A1E7A4F7556}") = "CPC.Service", "CPC.Service\CPC.Service.csproj", "{C32BA1E8-9587-4FF9-84C7-19B450C73B74}"
EndProject
Project("{9A19103F-16F7-4668-BE54-9A1E7A4F7556}") = "CPC.Tools", "CPC.Tools\CPC.Tools.csproj", "{37EAD017-3EFE-4795-94DF-2318BD01E93D}"
EndProject
Project("{9A19103F-16F7-4668-BE54-9A1E7A4F7556}") = "CPC.RabbitEventBus", "CPC.RabbitEventBus\CPC.RabbitEventBus.csproj", "{1D1CE695-730B-4F7E-B115-1FCE0764E7BF}"
EndProject
Project("{2150E333-8FDC-42A3-9474-1A3956D46DE8}") = "Solution Items", "Solution Items", "{1735DABC-C6C6-4E25-A57C-9C243F4AEA06}"
	ProjectSection(SolutionItems) = preProject
		CodeAnalysis.ruleset = CodeAnalysis.ruleset
		Directory.Build.Targets = Directory.Build.Targets
		GrpcGenProto.bat = GrpcGenProto.bat
		NuGet.config = NuGet.config
	EndProjectSection
EndProject
Project("{2150E333-8FDC-42A3-9474-1A3956D46DE8}") = "src", "src", "{EA8A1F86-0485-4905-9A8C-192C77B9BDAE}"
EndProject
Project("{9A19103F-16F7-4668-BE54-9A1E7A4F7556}") = "CPC.RabbitLogger", "CPC.RabbitLogger\CPC.RabbitLogger.csproj", "{36151BF7-B247-4C91-BF31-00265BFFB960}"
EndProject
Project("{9A19103F-16F7-4668-BE54-9A1E7A4F7556}") = "CPC.GrpcCore", "CPC.GrpcCore\CPC.GrpcCore.csproj", "{B614404B-E78B-4F1E-9522-71256A5FD61F}"
EndProject
Project("{2150E333-8FDC-42A3-9474-1A3956D46DE8}") = "Component", "Component", "{FF089DDE-A351-4FCF-BA13-1416282C8CA8}"
EndProject
Project("{2150E333-8FDC-42A3-9474-1A3956D46DE8}") = "Logger", "Logger", "{5EBE138C-336F-470E-9711-186DC09D2ED2}"
EndProject
Project("{2150E333-8FDC-42A3-9474-1A3956D46DE8}") = "Extensions", "Extensions", "{AB6AD289-F01C-4E33-8902-39829EA22DB2}"
EndProject
Project("{FAE04EC0-301F-11D3-BF4B-00C04F79EFBC}") = "CPC.Extensions.Configuration", "CPC.Extensions.Configuration\CPC.Extensions.Configuration.csproj", "{BF89FD78-A9A8-4B42-BD23-2120E8FE0CC1}"
EndProject
Project("{FAE04EC0-301F-11D3-BF4B-00C04F79EFBC}") = "CPC.Extensions.Consul", "CPC.Extensions.Consul\CPC.Extensions.Consul.csproj", "{0FE4CDC4-6AA2-4D6A-B692-5C622F3A7850}"
EndProject
Project("{FAE04EC0-301F-11D3-BF4B-00C04F79EFBC}") = "CPC.Extensions.Jwt", "CPC.Extensions.Jwt\CPC.Extensions.Jwt.csproj", "{3287E831-E71B-411E-AD1F-8B73977C0C87}"
EndProject
Project("{FAE04EC0-301F-11D3-BF4B-00C04F79EFBC}") = "CPC.Extensions.Ocelot", "CPC.Extensions.Ocelot\CPC.Extensions.Ocelot.csproj", "{786F0905-D2AA-4869-A897-679584D0B758}"
EndProject
Global
	GlobalSection(SolutionConfigurationPlatforms) = preSolution
		Debug|Any CPU = Debug|Any CPU
		Release|Any CPU = Release|Any CPU
	EndGlobalSection
	GlobalSection(ProjectConfigurationPlatforms) = postSolution
		{2F66C626-4680-4747-9042-07133FA809D4}.Debug|Any CPU.ActiveCfg = Debug|Any CPU
		{2F66C626-4680-4747-9042-07133FA809D4}.Debug|Any CPU.Build.0 = Debug|Any CPU
		{2F66C626-4680-4747-9042-07133FA809D4}.Release|Any CPU.ActiveCfg = Release|Any CPU
		{2F66C626-4680-4747-9042-07133FA809D4}.Release|Any CPU.Build.0 = Release|Any CPU
		{85849415-C2EA-4226-AAE4-715BF0236AC2}.Debug|Any CPU.ActiveCfg = Debug|Any CPU
		{85849415-C2EA-4226-AAE4-715BF0236AC2}.Debug|Any CPU.Build.0 = Debug|Any CPU
		{85849415-C2EA-4226-AAE4-715BF0236AC2}.Release|Any CPU.ActiveCfg = Release|Any CPU
		{85849415-C2EA-4226-AAE4-715BF0236AC2}.Release|Any CPU.Build.0 = Release|Any CPU
		{C0F42408-01D4-41DD-8427-779AE36BD58C}.Debug|Any CPU.ActiveCfg = Debug|Any CPU
		{C0F42408-01D4-41DD-8427-779AE36BD58C}.Debug|Any CPU.Build.0 = Debug|Any CPU
		{C0F42408-01D4-41DD-8427-779AE36BD58C}.Release|Any CPU.ActiveCfg = Release|Any CPU
		{C0F42408-01D4-41DD-8427-779AE36BD58C}.Release|Any CPU.Build.0 = Release|Any CPU
		{07D5E495-FDD5-486A-93A5-3776CD15D988}.Debug|Any CPU.ActiveCfg = Debug|Any CPU
		{07D5E495-FDD5-486A-93A5-3776CD15D988}.Debug|Any CPU.Build.0 = Debug|Any CPU
		{07D5E495-FDD5-486A-93A5-3776CD15D988}.Release|Any CPU.ActiveCfg = Release|Any CPU
		{07D5E495-FDD5-486A-93A5-3776CD15D988}.Release|Any CPU.Build.0 = Release|Any CPU
		{B84AD15C-773B-4EE7-BD84-7F850432414C}.Debug|Any CPU.ActiveCfg = Debug|Any CPU
		{B84AD15C-773B-4EE7-BD84-7F850432414C}.Debug|Any CPU.Build.0 = Debug|Any CPU
		{B84AD15C-773B-4EE7-BD84-7F850432414C}.Release|Any CPU.ActiveCfg = Release|Any CPU
		{B84AD15C-773B-4EE7-BD84-7F850432414C}.Release|Any CPU.Build.0 = Release|Any CPU
		{733361B9-7283-4543-B8C4-7F65A9511BFE}.Debug|Any CPU.ActiveCfg = Debug|Any CPU
		{733361B9-7283-4543-B8C4-7F65A9511BFE}.Debug|Any CPU.Build.0 = Debug|Any CPU
		{733361B9-7283-4543-B8C4-7F65A9511BFE}.Release|Any CPU.ActiveCfg = Release|Any CPU
		{733361B9-7283-4543-B8C4-7F65A9511BFE}.Release|Any CPU.Build.0 = Release|Any CPU
		{C32BA1E8-9587-4FF9-84C7-19B450C73B74}.Debug|Any CPU.ActiveCfg = Debug|Any CPU
		{C32BA1E8-9587-4FF9-84C7-19B450C73B74}.Debug|Any CPU.Build.0 = Debug|Any CPU
		{C32BA1E8-9587-4FF9-84C7-19B450C73B74}.Release|Any CPU.ActiveCfg = Release|Any CPU
		{C32BA1E8-9587-4FF9-84C7-19B450C73B74}.Release|Any CPU.Build.0 = Release|Any CPU
		{37EAD017-3EFE-4795-94DF-2318BD01E93D}.Debug|Any CPU.ActiveCfg = Debug|Any CPU
		{37EAD017-3EFE-4795-94DF-2318BD01E93D}.Debug|Any CPU.Build.0 = Debug|Any CPU
		{37EAD017-3EFE-4795-94DF-2318BD01E93D}.Release|Any CPU.ActiveCfg = Release|Any CPU
		{37EAD017-3EFE-4795-94DF-2318BD01E93D}.Release|Any CPU.Build.0 = Release|Any CPU
		{1D1CE695-730B-4F7E-B115-1FCE0764E7BF}.Debug|Any CPU.ActiveCfg = Debug|Any CPU
		{1D1CE695-730B-4F7E-B115-1FCE0764E7BF}.Debug|Any CPU.Build.0 = Debug|Any CPU
		{1D1CE695-730B-4F7E-B115-1FCE0764E7BF}.Release|Any CPU.ActiveCfg = Release|Any CPU
		{1D1CE695-730B-4F7E-B115-1FCE0764E7BF}.Release|Any CPU.Build.0 = Release|Any CPU
		{36151BF7-B247-4C91-BF31-00265BFFB960}.Debug|Any CPU.ActiveCfg = Debug|Any CPU
		{36151BF7-B247-4C91-BF31-00265BFFB960}.Debug|Any CPU.Build.0 = Debug|Any CPU
		{36151BF7-B247-4C91-BF31-00265BFFB960}.Release|Any CPU.ActiveCfg = Release|Any CPU
		{36151BF7-B247-4C91-BF31-00265BFFB960}.Release|Any CPU.Build.0 = Release|Any CPU
		{B614404B-E78B-4F1E-9522-71256A5FD61F}.Debug|Any CPU.ActiveCfg = Debug|Any CPU
		{B614404B-E78B-4F1E-9522-71256A5FD61F}.Debug|Any CPU.Build.0 = Debug|Any CPU
		{B614404B-E78B-4F1E-9522-71256A5FD61F}.Release|Any CPU.ActiveCfg = Release|Any CPU
		{B614404B-E78B-4F1E-9522-71256A5FD61F}.Release|Any CPU.Build.0 = Release|Any CPU
		{BF89FD78-A9A8-4B42-BD23-2120E8FE0CC1}.Debug|Any CPU.ActiveCfg = Debug|Any CPU
		{BF89FD78-A9A8-4B42-BD23-2120E8FE0CC1}.Debug|Any CPU.Build.0 = Debug|Any CPU
		{BF89FD78-A9A8-4B42-BD23-2120E8FE0CC1}.Release|Any CPU.ActiveCfg = Release|Any CPU
		{BF89FD78-A9A8-4B42-BD23-2120E8FE0CC1}.Release|Any CPU.Build.0 = Release|Any CPU
		{0FE4CDC4-6AA2-4D6A-B692-5C622F3A7850}.Debug|Any CPU.ActiveCfg = Debug|Any CPU
		{0FE4CDC4-6AA2-4D6A-B692-5C622F3A7850}.Debug|Any CPU.Build.0 = Debug|Any CPU
		{0FE4CDC4-6AA2-4D6A-B692-5C622F3A7850}.Release|Any CPU.ActiveCfg = Release|Any CPU
		{0FE4CDC4-6AA2-4D6A-B692-5C622F3A7850}.Release|Any CPU.Build.0 = Release|Any CPU
		{3287E831-E71B-411E-AD1F-8B73977C0C87}.Debug|Any CPU.ActiveCfg = Debug|Any CPU
		{3287E831-E71B-411E-AD1F-8B73977C0C87}.Debug|Any CPU.Build.0 = Debug|Any CPU
		{3287E831-E71B-411E-AD1F-8B73977C0C87}.Release|Any CPU.ActiveCfg = Release|Any CPU
		{3287E831-E71B-411E-AD1F-8B73977C0C87}.Release|Any CPU.Build.0 = Release|Any CPU
		{786F0905-D2AA-4869-A897-679584D0B758}.Debug|Any CPU.ActiveCfg = Debug|Any CPU
		{786F0905-D2AA-4869-A897-679584D0B758}.Debug|Any CPU.Build.0 = Debug|Any CPU
		{786F0905-D2AA-4869-A897-679584D0B758}.Release|Any CPU.ActiveCfg = Release|Any CPU
		{786F0905-D2AA-4869-A897-679584D0B758}.Release|Any CPU.Build.0 = Release|Any CPU
	EndGlobalSection
	GlobalSection(SolutionProperties) = preSolution
		HideSolutionNode = FALSE
	EndGlobalSection
	GlobalSection(NestedProjects) = preSolution
		{2F66C626-4680-4747-9042-07133FA809D4} = {FF089DDE-A351-4FCF-BA13-1416282C8CA8}
		{85849415-C2EA-4226-AAE4-715BF0236AC2} = {FF089DDE-A351-4FCF-BA13-1416282C8CA8}
		{C0F42408-01D4-41DD-8427-779AE36BD58C} = {FF089DDE-A351-4FCF-BA13-1416282C8CA8}
		{07D5E495-FDD5-486A-93A5-3776CD15D988} = {FF089DDE-A351-4FCF-BA13-1416282C8CA8}
		{B84AD15C-773B-4EE7-BD84-7F850432414C} = {0283C659-5A19-4CF9-A2DB-AE448005916A}
		{733361B9-7283-4543-B8C4-7F65A9511BFE} = {5EBE138C-336F-470E-9711-186DC09D2ED2}
		{C32BA1E8-9587-4FF9-84C7-19B450C73B74} = {FF089DDE-A351-4FCF-BA13-1416282C8CA8}
		{37EAD017-3EFE-4795-94DF-2318BD01E93D} = {0283C659-5A19-4CF9-A2DB-AE448005916A}
		{1D1CE695-730B-4F7E-B115-1FCE0764E7BF} = {FF089DDE-A351-4FCF-BA13-1416282C8CA8}
		{36151BF7-B247-4C91-BF31-00265BFFB960} = {5EBE138C-336F-470E-9711-186DC09D2ED2}
		{B614404B-E78B-4F1E-9522-71256A5FD61F} = {FF089DDE-A351-4FCF-BA13-1416282C8CA8}
		{FF089DDE-A351-4FCF-BA13-1416282C8CA8} = {EA8A1F86-0485-4905-9A8C-192C77B9BDAE}
		{5EBE138C-336F-470E-9711-186DC09D2ED2} = {EA8A1F86-0485-4905-9A8C-192C77B9BDAE}
		{AB6AD289-F01C-4E33-8902-39829EA22DB2} = {EA8A1F86-0485-4905-9A8C-192C77B9BDAE}
		{BF89FD78-A9A8-4B42-BD23-2120E8FE0CC1} = {AB6AD289-F01C-4E33-8902-39829EA22DB2}
		{0FE4CDC4-6AA2-4D6A-B692-5C622F3A7850} = {AB6AD289-F01C-4E33-8902-39829EA22DB2}
		{3287E831-E71B-411E-AD1F-8B73977C0C87} = {AB6AD289-F01C-4E33-8902-39829EA22DB2}
		{786F0905-D2AA-4869-A897-679584D0B758} = {AB6AD289-F01C-4E33-8902-39829EA22DB2}
	EndGlobalSection
	GlobalSection(ExtensibilityGlobals) = postSolution
		SolutionGuid = {3C82831C-2B17-46C2-A4E0-C56DFA1D5DDE}
	EndGlobalSection
EndGlobal
