
Microsoft Visual Studio Solution File, Format Version 12.00
# Visual Studio Version 16
VisualStudioVersion = 16.0.30204.135
MinimumVisualStudioVersion = 10.0.40219.1
Project("{2150E333-8FDC-42A3-9474-1A3956D46DE8}") = "Source", "Source", "{6830F174-8956-4373-86D9-BBB82A90B181}"
EndProject
Project("{2150E333-8FDC-42A3-9474-1A3956D46DE8}") = "WebApi", "WebApi", "{0C1C05D1-E34D-4A62-8007-3B0B60480296}"
EndProject
Project("{FAE04EC0-301F-11D3-BF4B-00C04F79EFBC}") = "MyWebApi.WebApi", "MyWebApi\MyWebApi.WebApi\MyWebApi.WebApi.csproj", "{F7B5D33F-F779-4E8B-AFBD-DB9EC6BF0ABA}"
EndProject
Project("{2150E333-8FDC-42A3-9474-1A3956D46DE8}") = "Core", "Core", "{F31D71F9-1715-4684-98CA-947BA7143628}"
EndProject
Project("{FAE04EC0-301F-11D3-BF4B-00C04F79EFBC}") = "MyWebApi.Application", "MyWebApi\MyWebApi.Application\MyWebApi.Application.csproj", "{72DAD349-7A0B-49A9-97DD-BDD1B724CF1F}"
EndProject
Project("{FAE04EC0-301F-11D3-BF4B-00C04F79EFBC}") = "MyWebApi.Domain", "MyWebApi\MyWebApi.Domain\MyWebApi.Domain.csproj", "{523D68A7-11A8-494E-AF96-7D76EB681185}"
EndProject
Project("{2150E333-8FDC-42A3-9474-1A3956D46DE8}") = "Infrastructure", "Infrastructure", "{7AB972F3-2815-4FC5-AD38-022202ED3562}"
EndProject
Project("{FAE04EC0-301F-11D3-BF4B-00C04F79EFBC}") = "MyWebApi.Infrastructure.Identity", "MyWebApi\MyWebApi.Infrastructure.Identity\MyWebApi.Infrastructure.Identity.csproj", "{2EDFF774-5198-465A-AA59-33695F6123D1}"
EndProject
Project("{FAE04EC0-301F-11D3-BF4B-00C04F79EFBC}") = "MyWebApi.Infrastructure.Persistence", "MyWebApi\MyWebApi.Infrastructure.Persistence\MyWebApi.Infrastructure.Persistence.csproj", "{C230321F-66D6-4FA0-9873-20E108AA9958}"
EndProject
Project("{FAE04EC0-301F-11D3-BF4B-00C04F79EFBC}") = "MyWebApi.Infrastructure.Shared", "MyWebApi\MyWebApi.Infrastructure.Shared\MyWebApi.Infrastructure.Shared.csproj", "{885A30DB-C10B-4AB7-BB72-B2A668CB89E7}"
EndProject
Global
	GlobalSection(SolutionConfigurationPlatforms) = preSolution
		Debug|Any CPU = Debug|Any CPU
		Release|Any CPU = Release|Any CPU
	EndGlobalSection
	GlobalSection(ProjectConfigurationPlatforms) = postSolution
		{F7B5D33F-F779-4E8B-AFBD-DB9EC6BF0ABA}.Debug|Any CPU.ActiveCfg = Debug|Any CPU
		{F7B5D33F-F779-4E8B-AFBD-DB9EC6BF0ABA}.Debug|Any CPU.Build.0 = Debug|Any CPU
		{F7B5D33F-F779-4E8B-AFBD-DB9EC6BF0ABA}.Release|Any CPU.ActiveCfg = Release|Any CPU
		{F7B5D33F-F779-4E8B-AFBD-DB9EC6BF0ABA}.Release|Any CPU.Build.0 = Release|Any CPU
		{72DAD349-7A0B-49A9-97DD-BDD1B724CF1F}.Debug|Any CPU.ActiveCfg = Debug|Any CPU
		{72DAD349-7A0B-49A9-97DD-BDD1B724CF1F}.Debug|Any CPU.Build.0 = Debug|Any CPU
		{72DAD349-7A0B-49A9-97DD-BDD1B724CF1F}.Release|Any CPU.ActiveCfg = Release|Any CPU
		{72DAD349-7A0B-49A9-97DD-BDD1B724CF1F}.Release|Any CPU.Build.0 = Release|Any CPU
		{523D68A7-11A8-494E-AF96-7D76EB681185}.Debug|Any CPU.ActiveCfg = Debug|Any CPU
		{523D68A7-11A8-494E-AF96-7D76EB681185}.Debug|Any CPU.Build.0 = Debug|Any CPU
		{523D68A7-11A8-494E-AF96-7D76EB681185}.Release|Any CPU.ActiveCfg = Release|Any CPU
		{523D68A7-11A8-494E-AF96-7D76EB681185}.Release|Any CPU.Build.0 = Release|Any CPU
		{2EDFF774-5198-465A-AA59-33695F6123D1}.Debug|Any CPU.ActiveCfg = Debug|Any CPU
		{2EDFF774-5198-465A-AA59-33695F6123D1}.Debug|Any CPU.Build.0 = Debug|Any CPU
		{2EDFF774-5198-465A-AA59-33695F6123D1}.Release|Any CPU.ActiveCfg = Release|Any CPU
		{2EDFF774-5198-465A-AA59-33695F6123D1}.Release|Any CPU.Build.0 = Release|Any CPU
		{C230321F-66D6-4FA0-9873-20E108AA9958}.Debug|Any CPU.ActiveCfg = Debug|Any CPU
		{C230321F-66D6-4FA0-9873-20E108AA9958}.Debug|Any CPU.Build.0 = Debug|Any CPU
		{C230321F-66D6-4FA0-9873-20E108AA9958}.Release|Any CPU.ActiveCfg = Release|Any CPU
		{C230321F-66D6-4FA0-9873-20E108AA9958}.Release|Any CPU.Build.0 = Release|Any CPU
		{885A30DB-C10B-4AB7-BB72-B2A668CB89E7}.Debug|Any CPU.ActiveCfg = Debug|Any CPU
		{885A30DB-C10B-4AB7-BB72-B2A668CB89E7}.Debug|Any CPU.Build.0 = Debug|Any CPU
		{885A30DB-C10B-4AB7-BB72-B2A668CB89E7}.Release|Any CPU.ActiveCfg = Release|Any CPU
		{885A30DB-C10B-4AB7-BB72-B2A668CB89E7}.Release|Any CPU.Build.0 = Release|Any CPU
	EndGlobalSection
	GlobalSection(SolutionProperties) = preSolution
		HideSolutionNode = FALSE
	EndGlobalSection
	GlobalSection(NestedProjects) = preSolution
		{0C1C05D1-E34D-4A62-8007-3B0B60480296} = {6830F174-8956-4373-86D9-BBB82A90B181}
		{F7B5D33F-F779-4E8B-AFBD-DB9EC6BF0ABA} = {0C1C05D1-E34D-4A62-8007-3B0B60480296}
		{F31D71F9-1715-4684-98CA-947BA7143628} = {6830F174-8956-4373-86D9-BBB82A90B181}
		{72DAD349-7A0B-49A9-97DD-BDD1B724CF1F} = {F31D71F9-1715-4684-98CA-947BA7143628}
		{523D68A7-11A8-494E-AF96-7D76EB681185} = {F31D71F9-1715-4684-98CA-947BA7143628}
		{7AB972F3-2815-4FC5-AD38-022202ED3562} = {6830F174-8956-4373-86D9-BBB82A90B181}
		{2EDFF774-5198-465A-AA59-33695F6123D1} = {7AB972F3-2815-4FC5-AD38-022202ED3562}
		{C230321F-66D6-4FA0-9873-20E108AA9958} = {7AB972F3-2815-4FC5-AD38-022202ED3562}
		{885A30DB-C10B-4AB7-BB72-B2A668CB89E7} = {7AB972F3-2815-4FC5-AD38-022202ED3562}
	EndGlobalSection
	GlobalSection(ExtensibilityGlobals) = postSolution
		SolutionGuid = {77B7038E-256F-49FB-ABBB-0CA44750DDF4}
	EndGlobalSection
EndGlobal
