
Microsoft Visual Studio Solution File, Format Version 12.00
# Visual Studio Version 16
VisualStudioVersion = 16.0.30204.135
MinimumVisualStudioVersion = 10.0.40219.1
Project("{2150E333-8FDC-42A3-9474-1A3956D46DE8}") = "src", "src", "{30158671-6D70-4550-A074-1A7115808D85}"
EndProject
Project("{9A19103F-16F7-4668-BE54-9A1E7A4F7556}") = "SDT.DbCore", "SDT.DbCore\SDT.DbCore.csproj", "{BB6A28FD-97CF-4D72-93B5-DF184DCD7B53}"
EndProject
Project("{9A19103F-16F7-4668-BE54-9A1E7A4F7556}") = "SDT.Service", "SDT.Service\SDT.Service.csproj", "{F6A23D85-C8AF-47D4-8B7E-088AAFBD36F8}"
EndProject
Project("{2150E333-8FDC-42A3-9474-1A3956D46DE8}") = "Solution Items", "Solution Items", "{4DE4DA81-F99F-4F0F-9DB8-F77467EBD2A6}"
EndProject
Project("{9A19103F-16F7-4668-BE54-9A1E7A4F7556}") = "SDT.BaseTool", "SDT.BaseTool\SDT.BaseTool.csproj", "{BD8027C0-D02D-4D92-A798-7B908FE0DDF8}"
EndProject
Project("{FAE04EC0-301F-11D3-BF4B-00C04F79EFBC}") = "SDT.Redis", "SDT.Redis\SDT.Redis.csproj", "{6CE67004-43E7-487E-9F10-A096DA02583E}"
EndProject
Global
	GlobalSection(SolutionConfigurationPlatforms) = preSolution
		Debug|Any CPU = Debug|Any CPU
		Release|Any CPU = Release|Any CPU
	EndGlobalSection
	GlobalSection(ProjectConfigurationPlatforms) = postSolution
		{BB6A28FD-97CF-4D72-93B5-DF184DCD7B53}.Debug|Any CPU.ActiveCfg = Debug|Any CPU
		{BB6A28FD-97CF-4D72-93B5-DF184DCD7B53}.Debug|Any CPU.Build.0 = Debug|Any CPU
		{BB6A28FD-97CF-4D72-93B5-DF184DCD7B53}.Release|Any CPU.ActiveCfg = Release|Any CPU
		{BB6A28FD-97CF-4D72-93B5-DF184DCD7B53}.Release|Any CPU.Build.0 = Release|Any CPU
		{F6A23D85-C8AF-47D4-8B7E-088AAFBD36F8}.Debug|Any CPU.ActiveCfg = Debug|Any CPU
		{F6A23D85-C8AF-47D4-8B7E-088AAFBD36F8}.Debug|Any CPU.Build.0 = Debug|Any CPU
		{F6A23D85-C8AF-47D4-8B7E-088AAFBD36F8}.Release|Any CPU.ActiveCfg = Release|Any CPU
		{F6A23D85-C8AF-47D4-8B7E-088AAFBD36F8}.Release|Any CPU.Build.0 = Release|Any CPU
		{BD8027C0-D02D-4D92-A798-7B908FE0DDF8}.Debug|Any CPU.ActiveCfg = Debug|Any CPU
		{BD8027C0-D02D-4D92-A798-7B908FE0DDF8}.Debug|Any CPU.Build.0 = Debug|Any CPU
		{BD8027C0-D02D-4D92-A798-7B908FE0DDF8}.Release|Any CPU.ActiveCfg = Release|Any CPU
		{BD8027C0-D02D-4D92-A798-7B908FE0DDF8}.Release|Any CPU.Build.0 = Release|Any CPU
		{6CE67004-43E7-487E-9F10-A096DA02583E}.Debug|Any CPU.ActiveCfg = Debug|Any CPU
		{6CE67004-43E7-487E-9F10-A096DA02583E}.Debug|Any CPU.Build.0 = Debug|Any CPU
		{6CE67004-43E7-487E-9F10-A096DA02583E}.Release|Any CPU.ActiveCfg = Release|Any CPU
		{6CE67004-43E7-487E-9F10-A096DA02583E}.Release|Any CPU.Build.0 = Release|Any CPU
	EndGlobalSection
	GlobalSection(SolutionProperties) = preSolution
		HideSolutionNode = FALSE
	EndGlobalSection
	GlobalSection(NestedProjects) = preSolution
		{BB6A28FD-97CF-4D72-93B5-DF184DCD7B53} = {30158671-6D70-4550-A074-1A7115808D85}
		{F6A23D85-C8AF-47D4-8B7E-088AAFBD36F8} = {30158671-6D70-4550-A074-1A7115808D85}
		{BD8027C0-D02D-4D92-A798-7B908FE0DDF8} = {30158671-6D70-4550-A074-1A7115808D85}
		{6CE67004-43E7-487E-9F10-A096DA02583E} = {30158671-6D70-4550-A074-1A7115808D85}
	EndGlobalSection
	GlobalSection(ExtensibilityGlobals) = postSolution
		SolutionGuid = {F1AF2C3B-8814-423D-9DB3-5F680FEDE129}
	EndGlobalSection
EndGlobal
